
Microsoft Visual Studio Solution File, Format Version 12.00
# Visual Studio Version 16
VisualStudioVersion = 16.0.30503.244
MinimumVisualStudioVersion = 10.0.40219.1
Project("{FAE04EC0-301F-11D3-BF4B-00C04F79EFBC}") = "Prueba_tunneling_bubbling", "Prueba_tunneling_bubbling\Prueba_tunneling_bubbling.csproj", "{787BDF31-50FB-483E-AC78-94C18F08806F}"
EndProject
Global
	GlobalSection(SolutionConfigurationPlatforms) = preSolution
		Debug|Any CPU = Debug|Any CPU
		Release|Any CPU = Release|Any CPU
	EndGlobalSection
	GlobalSection(ProjectConfigurationPlatforms) = postSolution
		{787BDF31-50FB-483E-AC78-94C18F08806F}.Debug|Any CPU.ActiveCfg = Debug|Any CPU
		{787BDF31-50FB-483E-AC78-94C18F08806F}.Debug|Any CPU.Build.0 = Debug|Any CPU
		{787BDF31-50FB-483E-AC78-94C18F08806F}.Release|Any CPU.ActiveCfg = Release|Any CPU
		{787BDF31-50FB-483E-AC78-94C18F08806F}.Release|Any CPU.Build.0 = Release|Any CPU
	EndGlobalSection
	GlobalSection(SolutionProperties) = preSolution
		HideSolutionNode = FALSE
	EndGlobalSection
	GlobalSection(ExtensibilityGlobals) = postSolution
		SolutionGuid = {E06C9629-B164-44E4-846D-E580C06ACB65}
	EndGlobalSection
EndGlobal
