
Microsoft Visual Studio Solution File, Format Version 12.00
# Visual Studio Version 16
VisualStudioVersion = 16.0.30717.126
MinimumVisualStudioVersion = 10.0.40219.1
Project("{FAE04EC0-301F-11D3-BF4B-00C04F79EFBC}") = "Pruebas_unitarias", "Pruebas_unitarias\Pruebas_unitarias.csproj", "{48345419-D475-4719-8227-59E3AA665CAD}"
EndProject
Project("{FAE04EC0-301F-11D3-BF4B-00C04F79EFBC}") = "Pruebas_unitarias_persona", "Pruebas_unitarias_persona\Pruebas_unitarias_persona.csproj", "{0E6DA761-DA86-4A86-8AE4-B1026AB050FD}"
EndProject
Global
	GlobalSection(SolutionConfigurationPlatforms) = preSolution
		Debug|Any CPU = Debug|Any CPU
		Release|Any CPU = Release|Any CPU
	EndGlobalSection
	GlobalSection(ProjectConfigurationPlatforms) = postSolution
		{48345419-D475-4719-8227-59E3AA665CAD}.Debug|Any CPU.ActiveCfg = Debug|Any CPU
		{48345419-D475-4719-8227-59E3AA665CAD}.Debug|Any CPU.Build.0 = Debug|Any CPU
		{48345419-D475-4719-8227-59E3AA665CAD}.Release|Any CPU.ActiveCfg = Release|Any CPU
		{48345419-D475-4719-8227-59E3AA665CAD}.Release|Any CPU.Build.0 = Release|Any CPU
		{0E6DA761-DA86-4A86-8AE4-B1026AB050FD}.Debug|Any CPU.ActiveCfg = Debug|Any CPU
		{0E6DA761-DA86-4A86-8AE4-B1026AB050FD}.Debug|Any CPU.Build.0 = Debug|Any CPU
		{0E6DA761-DA86-4A86-8AE4-B1026AB050FD}.Release|Any CPU.ActiveCfg = Release|Any CPU
		{0E6DA761-DA86-4A86-8AE4-B1026AB050FD}.Release|Any CPU.Build.0 = Release|Any CPU
	EndGlobalSection
	GlobalSection(SolutionProperties) = preSolution
		HideSolutionNode = FALSE
	EndGlobalSection
	GlobalSection(ExtensibilityGlobals) = postSolution
		SolutionGuid = {7828130B-DC8A-472A-B5AD-E85761D2B0DA}
	EndGlobalSection
EndGlobal
