
Microsoft Visual Studio Solution File, Format Version 12.00
# Visual Studio Version 16
VisualStudioVersion = 16.0.30503.244
MinimumVisualStudioVersion = 10.0.40219.1
Project("{FAE04EC0-301F-11D3-BF4B-00C04F79EFBC}") = "Controles_WPF", "Controles_WPF\Controles_WPF.csproj", "{B980D8CD-DCA5-46BB-8ACA-F5D44C08CCC8}"
EndProject
Global
	GlobalSection(SolutionConfigurationPlatforms) = preSolution
		Debug|Any CPU = Debug|Any CPU
		Release|Any CPU = Release|Any CPU
	EndGlobalSection
	GlobalSection(ProjectConfigurationPlatforms) = postSolution
		{B980D8CD-DCA5-46BB-8ACA-F5D44C08CCC8}.Debug|Any CPU.ActiveCfg = Debug|Any CPU
		{B980D8CD-DCA5-46BB-8ACA-F5D44C08CCC8}.Debug|Any CPU.Build.0 = Debug|Any CPU
		{B980D8CD-DCA5-46BB-8ACA-F5D44C08CCC8}.Release|Any CPU.ActiveCfg = Release|Any CPU
		{B980D8CD-DCA5-46BB-8ACA-F5D44C08CCC8}.Release|Any CPU.Build.0 = Release|Any CPU
	EndGlobalSection
	GlobalSection(SolutionProperties) = preSolution
		HideSolutionNode = FALSE
	EndGlobalSection
	GlobalSection(ExtensibilityGlobals) = postSolution
		SolutionGuid = {EF085DF1-D660-4A19-9623-E953795C6CCB}
	EndGlobalSection
EndGlobal
