
Microsoft Visual Studio Solution File, Format Version 12.00
# Visual Studio Version 16
VisualStudioVersion = 16.0.30503.244
MinimumVisualStudioVersion = 10.0.40219.1
Project("{FAE04EC0-301F-11D3-BF4B-00C04F79EFBC}") = "Practica_1_interfaces", "Practica_1_interfaces\Practica_1_interfaces.csproj", "{7FA4BD55-B143-4489-B0A1-84C3EE9437E1}"
EndProject
Project("{54435603-DBB4-11D2-8724-00A0C9A8B90C}") = "Gestor Personas", "Gestor Personas\Gestor Personas.vdproj", "{A429A55F-CDB5-42C6-83B7-15B4BAB14061}"
EndProject
Global
	GlobalSection(SolutionConfigurationPlatforms) = preSolution
		Debug|Any CPU = Debug|Any CPU
		Release|Any CPU = Release|Any CPU
	EndGlobalSection
	GlobalSection(ProjectConfigurationPlatforms) = postSolution
		{7FA4BD55-B143-4489-B0A1-84C3EE9437E1}.Debug|Any CPU.ActiveCfg = Debug|Any CPU
		{7FA4BD55-B143-4489-B0A1-84C3EE9437E1}.Debug|Any CPU.Build.0 = Debug|Any CPU
		{7FA4BD55-B143-4489-B0A1-84C3EE9437E1}.Release|Any CPU.ActiveCfg = Release|Any CPU
		{7FA4BD55-B143-4489-B0A1-84C3EE9437E1}.Release|Any CPU.Build.0 = Release|Any CPU
		{A429A55F-CDB5-42C6-83B7-15B4BAB14061}.Debug|Any CPU.ActiveCfg = Debug
		{A429A55F-CDB5-42C6-83B7-15B4BAB14061}.Release|Any CPU.ActiveCfg = Release
	EndGlobalSection
	GlobalSection(SolutionProperties) = preSolution
		HideSolutionNode = FALSE
	EndGlobalSection
	GlobalSection(ExtensibilityGlobals) = postSolution
		SolutionGuid = {773FEB1C-D5BC-4E27-A604-D06C89CB4DD2}
	EndGlobalSection
EndGlobal
