
Microsoft Visual Studio Solution File, Format Version 12.00
# Visual Studio Version 16
VisualStudioVersion = 16.0.30717.126
MinimumVisualStudioVersion = 10.0.40219.1
Project("{FAE04EC0-301F-11D3-BF4B-00C04F79EFBC}") = "Examen_27_11_2020", "Examen_27_11_2020\Examen_27_11_2020.csproj", "{BE5AE3F1-B82A-4819-8399-F510627287B9}"
EndProject
Project("{9A19103F-16F7-4668-BE54-9A1E7A4F7556}") = "Pruebas_Cliente", "Pruebas_Cliente\Pruebas_Cliente.csproj", "{92BC2D4E-B17B-4E36-BF1C-89E2248D1EB2}"
EndProject
Project("{54435603-DBB4-11D2-8724-00A0C9A8B90C}") = "PaqueteVcacional", "PaqueteVcacional\PaqueteVcacional.vdproj", "{34060D26-96E4-43CB-8DF5-5B73A7FD0C96}"
EndProject
Global
	GlobalSection(SolutionConfigurationPlatforms) = preSolution
		Debug|Any CPU = Debug|Any CPU
		Release|Any CPU = Release|Any CPU
	EndGlobalSection
	GlobalSection(ProjectConfigurationPlatforms) = postSolution
		{BE5AE3F1-B82A-4819-8399-F510627287B9}.Debug|Any CPU.ActiveCfg = Debug|Any CPU
		{BE5AE3F1-B82A-4819-8399-F510627287B9}.Debug|Any CPU.Build.0 = Debug|Any CPU
		{BE5AE3F1-B82A-4819-8399-F510627287B9}.Release|Any CPU.ActiveCfg = Release|Any CPU
		{BE5AE3F1-B82A-4819-8399-F510627287B9}.Release|Any CPU.Build.0 = Release|Any CPU
		{92BC2D4E-B17B-4E36-BF1C-89E2248D1EB2}.Debug|Any CPU.ActiveCfg = Debug|Any CPU
		{92BC2D4E-B17B-4E36-BF1C-89E2248D1EB2}.Debug|Any CPU.Build.0 = Debug|Any CPU
		{92BC2D4E-B17B-4E36-BF1C-89E2248D1EB2}.Release|Any CPU.ActiveCfg = Release|Any CPU
		{92BC2D4E-B17B-4E36-BF1C-89E2248D1EB2}.Release|Any CPU.Build.0 = Release|Any CPU
		{34060D26-96E4-43CB-8DF5-5B73A7FD0C96}.Debug|Any CPU.ActiveCfg = Debug
		{34060D26-96E4-43CB-8DF5-5B73A7FD0C96}.Release|Any CPU.ActiveCfg = Release
	EndGlobalSection
	GlobalSection(SolutionProperties) = preSolution
		HideSolutionNode = FALSE
	EndGlobalSection
	GlobalSection(ExtensibilityGlobals) = postSolution
		SolutionGuid = {4FC0D232-7CA3-4F94-975B-E63A4B455499}
	EndGlobalSection
EndGlobal
