
Microsoft Visual Studio Solution File, Format Version 12.00
# Visual Studio Version 16
VisualStudioVersion = 16.0.30717.126
MinimumVisualStudioVersion = 10.0.40219.1
Project("{FAE04EC0-301F-11D3-BF4B-00C04F79EFBC}") = "Ejercicios_Repaso_1_2_3", "Ejercicios_Repaso_1\Ejercicios_Repaso_1_2_3.csproj", "{FAF7CBBD-66AD-4661-8C7F-F626F2D76FCB}"
EndProject
Global
	GlobalSection(SolutionConfigurationPlatforms) = preSolution
		Debug|Any CPU = Debug|Any CPU
		Release|Any CPU = Release|Any CPU
	EndGlobalSection
	GlobalSection(ProjectConfigurationPlatforms) = postSolution
		{FAF7CBBD-66AD-4661-8C7F-F626F2D76FCB}.Debug|Any CPU.ActiveCfg = Debug|Any CPU
		{FAF7CBBD-66AD-4661-8C7F-F626F2D76FCB}.Debug|Any CPU.Build.0 = Debug|Any CPU
		{FAF7CBBD-66AD-4661-8C7F-F626F2D76FCB}.Release|Any CPU.ActiveCfg = Release|Any CPU
		{FAF7CBBD-66AD-4661-8C7F-F626F2D76FCB}.Release|Any CPU.Build.0 = Release|Any CPU
	EndGlobalSection
	GlobalSection(SolutionProperties) = preSolution
		HideSolutionNode = FALSE
	EndGlobalSection
	GlobalSection(ExtensibilityGlobals) = postSolution
		SolutionGuid = {BDBD7E3C-A980-4F4C-8D2E-EFA4990343B6}
	EndGlobalSection
EndGlobal
