
Microsoft Visual Studio Solution File, Format Version 12.00
# Visual Studio Version 16
VisualStudioVersion = 16.0.30503.244
MinimumVisualStudioVersion = 10.0.40219.1
Project("{FAE04EC0-301F-11D3-BF4B-00C04F79EFBC}") = "Practica_2_interfaces", "Practica_2_interfaces\Practica_2_interfaces.csproj", "{82DEC5E7-F834-493B-AE6D-9E52C91B31FE}"
EndProject
Global
	GlobalSection(SolutionConfigurationPlatforms) = preSolution
		Debug|Any CPU = Debug|Any CPU
		Release|Any CPU = Release|Any CPU
	EndGlobalSection
	GlobalSection(ProjectConfigurationPlatforms) = postSolution
		{82DEC5E7-F834-493B-AE6D-9E52C91B31FE}.Debug|Any CPU.ActiveCfg = Debug|Any CPU
		{82DEC5E7-F834-493B-AE6D-9E52C91B31FE}.Debug|Any CPU.Build.0 = Debug|Any CPU
		{82DEC5E7-F834-493B-AE6D-9E52C91B31FE}.Release|Any CPU.ActiveCfg = Release|Any CPU
		{82DEC5E7-F834-493B-AE6D-9E52C91B31FE}.Release|Any CPU.Build.0 = Release|Any CPU
	EndGlobalSection
	GlobalSection(SolutionProperties) = preSolution
		HideSolutionNode = FALSE
	EndGlobalSection
	GlobalSection(ExtensibilityGlobals) = postSolution
		SolutionGuid = {B255FF2F-18E5-40C9-97AA-56A5C3E52E8E}
	EndGlobalSection
EndGlobal
